# THIS IS AN AUTOGENERATED FILE. DO NOT EDIT THIS FILE DIRECTLY.
# yarn lockfile v1


"abbrev@1":
  "integrity" "sha512-nne9/IiQ/hzIhY6pdDnbBtz7DjPTKrY00P/zvPSm5pOFkl6xuGrGnXn/VtTNNfNtAfZ9/1RtehkszU9qcTii0Q=="
  "resolved" "https://registry.npmjs.org/abbrev/-/abbrev-1.1.1.tgz"
  "version" "1.1.1"

"ajv-cli@^3.3.0":
  "integrity" "sha512-4eiNNjDlainn5Rm+rU3egxLUUxzevcB+gviBLs9sm6etHNrE7l2JSQ3yoz5hE+eqrth3pTygELOafhSIO8Hiig=="
  "resolved" "https://registry.npmjs.org/ajv-cli/-/ajv-cli-3.3.0.tgz"
  "version" "3.3.0"
  dependencies:
    "ajv" "^6.12.6"
    "ajv-pack" "^0.3.0"
    "fast-json-patch" "^2.0.0"
    "glob" "^7.1.0"
    "js-yaml" "^3.13.1"
    "json-schema-migrate" "^0.2.0"
    "json5" "^2.1.3"
    "minimist" "^1.2.0"

"ajv-pack@^0.3.0":
  "integrity" "sha512-psFkqg+ItqBXjQ0kbdP/Y72Jmz+wHt8MD7bVGdzdxjKsp988QTK5YMQoBsPUotbhnYO8VKPU3vPALYlhO/2gtg=="
  "resolved" "https://registry.npmjs.org/ajv-pack/-/ajv-pack-0.3.1.tgz"
  "version" "0.3.1"
  dependencies:
    "js-beautify" "^1.6.4"
    "require-from-string" "^1.2.0"

"ajv@^6.12.3", "ajv@^6.12.6":
  "integrity" "sha512-j3fVLgvTo527anyYyJOGTYJbG+vnnQYvE0m5mmkc1TK+nxAppkCLMIL0aZ4dblVCNoGShhm+kzE4ZUykBoMg4g=="
  "resolved" "https://registry.npmjs.org/ajv/-/ajv-6.12.6.tgz"
  "version" "6.12.6"
  dependencies:
    "fast-deep-equal" "^3.1.1"
    "fast-json-stable-stringify" "^2.0.0"
    "json-schema-traverse" "^0.4.1"
    "uri-js" "^4.2.2"

"argparse@^1.0.7":
  "integrity" "sha512-o5Roy6tNG4SL/FOkCAN6RzjiakZS25RLYFrcMttJqbdd8BWrnA+fGz57iN5Pb06pvBGvl5gQ0B48dJlslXvoTg=="
  "resolved" "https://registry.npmjs.org/argparse/-/argparse-1.0.10.tgz"
  "version" "1.0.10"
  dependencies:
    "sprintf-js" "~1.0.2"

"balanced-match@^1.0.0":
  "integrity" "sha512-3oSeUO0TMV67hN1AmbXsK4yaqU7tjiHlbxRDZOpH0KW9+CeX4bRAaX0Anxt0tx2MrpRpWwQaPwIlISEJhYU5Pw=="
  "resolved" "https://registry.npmjs.org/balanced-match/-/balanced-match-1.0.2.tgz"
  "version" "1.0.2"

"brace-expansion@^1.1.7":
  "integrity" "sha512-iCuPHDFgrHX7H2vEI/5xpz07zSHB00TpugqhmYtVmMO6518mCuRMoOYFldEBl0g187ufozdaHgWKcYFb61qGiA=="
  "resolved" "https://registry.npmjs.org/brace-expansion/-/brace-expansion-1.1.11.tgz"
  "version" "1.1.11"
  dependencies:
    "balanced-match" "^1.0.0"
    "concat-map" "0.0.1"

"commander@^2.19.0":
  "integrity" "sha512-GpVkmM8vF2vQUkj2LvZmD35JxeJOLCwJ9cUkugyk2nuhbv3+mJvpLYYt+0+USMxE+oj+ey/lJEnhZw75x/OMcQ=="
  "resolved" "https://registry.npmjs.org/commander/-/commander-2.20.3.tgz"
  "version" "2.20.3"

"concat-map@0.0.1":
  "integrity" "sha512-/Srv4dswyQNBfohGpz9o6Yb3Gz3SrUDqBH5rTuhGR7ahtlbYKnVxw2bCFMRljaA7EXHaXZ8wsHdodFvbkhKmqg=="
  "resolved" "https://registry.npmjs.org/concat-map/-/concat-map-0.0.1.tgz"
  "version" "0.0.1"

"config-chain@^1.1.13":
  "integrity" "sha512-qj+f8APARXHrM0hraqXYb2/bOVSV4PvJQlNZ/DVj0QrmNM2q2euizkeuVckQ57J+W0mRH6Hvi+k50M4Jul2VRQ=="
  "resolved" "https://registry.npmjs.org/config-chain/-/config-chain-1.1.13.tgz"
  "version" "1.1.13"
  dependencies:
    "ini" "^1.3.4"
    "proto-list" "~1.2.1"

"editorconfig@^0.15.3":
  "integrity" "sha512-M9wIMFx96vq0R4F+gRpY3o2exzb8hEj/n9S8unZtHSvYjibBp/iMufSzvmOcV/laG0ZtuTVGtiJggPOSW2r93g=="
  "resolved" "https://registry.npmjs.org/editorconfig/-/editorconfig-0.15.3.tgz"
  "version" "0.15.3"
  dependencies:
    "commander" "^2.19.0"
    "lru-cache" "^4.1.5"
    "semver" "^5.6.0"
    "sigmund" "^1.0.1"

"esprima@^4.0.0":
  "integrity" "sha512-eGuFFw7Upda+g4p+QHvnW0RyTX/SVeJBDM/gCtMARO0cLuT2HcEKnTPvhjV6aGeqrCB/sbNop0Kszm0jsaWU4A=="
  "resolved" "https://registry.npmjs.org/esprima/-/esprima-4.0.1.tgz"
  "version" "4.0.1"

"fast-deep-equal@^2.0.1":
  "integrity" "sha512-bCK/2Z4zLidyB4ReuIsvALH6w31YfAQDmXMqMx6FyfHqvBxtjC0eRumeSu4Bs3XtXwpyIywtSTrVT99BxY1f9w=="
  "resolved" "https://registry.npmjs.org/fast-deep-equal/-/fast-deep-equal-2.0.1.tgz"
  "version" "2.0.1"

"fast-deep-equal@^3.1.1":
  "integrity" "sha512-f3qQ9oQy9j2AhBe/H9VC91wLmKBCCU/gDOnKNAYG5hswO7BLKj09Hc5HYNz9cGI++xlpDCIgDaitVs03ATR84Q=="
  "resolved" "https://registry.npmjs.org/fast-deep-equal/-/fast-deep-equal-3.1.3.tgz"
  "version" "3.1.3"

"fast-json-patch@^2.0.0":
  "integrity" "sha512-4j5uBaTnsYAV5ebkidvxiLUYOwjQ+JSFljeqfTxCrH9bDmlCQaOJFS84oDJ2rAXZq2yskmk3ORfoP9DCwqFNig=="
  "resolved" "https://registry.npmjs.org/fast-json-patch/-/fast-json-patch-2.2.1.tgz"
  "version" "2.2.1"
  dependencies:
    "fast-deep-equal" "^2.0.1"

"fast-json-stable-stringify@^2.0.0":
  "integrity" "sha512-lhd/wF+Lk98HZoTCtlVraHtfh5XYijIjalXck7saUtuanSDyLMxnHhSXEDJqHxD7msR8D0uCmqlkwjCV8xvwHw=="
  "resolved" "https://registry.npmjs.org/fast-json-stable-stringify/-/fast-json-stable-stringify-2.1.0.tgz"
  "version" "2.1.0"

"fs.realpath@^1.0.0":
  "integrity" "sha512-OO0pH2lK6a0hZnAdau5ItzHPI6pUlvI7jMVnxUQRtw4owF2wk8lOSabtGDCTP4Ggrg2MbGnWO9X8K1t4+fGMDw=="
  "resolved" "https://registry.npmjs.org/fs.realpath/-/fs.realpath-1.0.0.tgz"
  "version" "1.0.0"

"glob@^7.1.0", "glob@^7.1.3":
  "integrity" "sha512-nFR0zLpU2YCaRxwoCJvL6UvCH2JFyFVIvwTLsIf21AuHlMskA1hhTdk+LlYJtOlYt9v6dvszD2BGRqBL+iQK9Q=="
  "resolved" "https://registry.npmjs.org/glob/-/glob-7.2.3.tgz"
  "version" "7.2.3"
  dependencies:
    "fs.realpath" "^1.0.0"
    "inflight" "^1.0.4"
    "inherits" "2"
    "minimatch" "^3.1.1"
    "once" "^1.3.0"
    "path-is-absolute" "^1.0.0"

"inflight@^1.0.4":
  "integrity" "sha512-k92I/b08q4wvFscXCLvqfsHCrjrF7yiXsQuIVvVE7N82W3+aqpzuUdBbfhWcy/FZR3/4IgflMgKLOsvPDrGCJA=="
  "resolved" "https://registry.npmjs.org/inflight/-/inflight-1.0.6.tgz"
  "version" "1.0.6"
  dependencies:
    "once" "^1.3.0"
    "wrappy" "1"

"inherits@2":
  "integrity" "sha512-k/vGaX4/Yla3WzyMCvTQOXYeIHvqOKtnqBduzTHpzpQZzAskKMhZ2K+EnBiSM9zGSoIFeMpXKxa4dYeZIQqewQ=="
  "resolved" "https://registry.npmjs.org/inherits/-/inherits-2.0.4.tgz"
  "version" "2.0.4"

"ini@^1.3.4":
  "integrity" "sha512-JV/yugV2uzW5iMRSiZAyDtQd+nxtUnjeLt0acNdw98kKLrvuRVyB80tsREOE7yvGVgalhZ6RNXCmEHkUKBKxew=="
  "resolved" "https://registry.npmjs.org/ini/-/ini-1.3.8.tgz"
  "version" "1.3.8"

"js-beautify@^1.6.4":
  "integrity" "sha512-+b4A9c3glceZEmxyIbxDOYB0ZJdReLvyU1077RqKsO4dZx9FUHjTOJn8VHwpg33QoucIykOiYbh7MfqBOghnrA=="
  "resolved" "https://registry.npmjs.org/js-beautify/-/js-beautify-1.14.4.tgz"
  "version" "1.14.4"
  dependencies:
    "config-chain" "^1.1.13"
    "editorconfig" "^0.15.3"
    "glob" "^7.1.3"
    "nopt" "^5.0.0"

"js-yaml@^3.13.1":
  "integrity" "sha512-okMH7OXXJ7YrN9Ok3/SXrnu4iX9yOk+25nqX4imS2npuvTYDmo/QEZoqwZkYaIDk3jVvBOTOIEgEhaLOynBS9g=="
  "resolved" "https://registry.npmjs.org/js-yaml/-/js-yaml-3.14.1.tgz"
  "version" "3.14.1"
  dependencies:
    "argparse" "^1.0.7"
    "esprima" "^4.0.0"

"json-schema-migrate@^0.2.0":
  "integrity" "sha512-dq4/oHWmtw/+0ytnXsDqVn+VsVweTEmzm5jLgguPn9BjSzn6/q58ZiZx3BHiQyJs612f0T5Z+MrUEUUY5DHsRg=="
  "resolved" "https://registry.npmjs.org/json-schema-migrate/-/json-schema-migrate-0.2.0.tgz"
  "version" "0.2.0"
  dependencies:
    "ajv" "^6.12.6"

"json-schema-traverse@^0.4.1":
  "integrity" "sha512-xbbCH5dCYU5T8LcEhhuh7HJ88HXuW3qsI3Y0zOZFKfZEHcpWiHU/Jxzk629Brsab/mMiHQti9wMP+845RPe3Vg=="
  "resolved" "https://registry.npmjs.org/json-schema-traverse/-/json-schema-traverse-0.4.1.tgz"
  "version" "0.4.1"

"json5@^2.1.3":
  "integrity" "sha512-1hqLFMSrGHRHxav9q9gNjJ5EXznIxGVO09xQRrwplcS8qs28pZ8s8hupZAmqDwZUmVZ2Qb2jnyPOWcDH8m8dlA=="
  "resolved" "https://registry.npmjs.org/json5/-/json5-2.2.1.tgz"
  "version" "2.2.1"

"lodash@^4.17.21":
  "integrity" "sha512-v2kDEe57lecTulaDIuNTPy3Ry4gLGJ6Z1O3vE1krgXZNrsQ+LFTGHVxVjcXPs17LhbZVGedAJv8XZ1tvj5FvSg=="
  "resolved" "https://registry.npmjs.org/lodash/-/lodash-4.17.21.tgz"
  "version" "4.17.21"

"lru-cache@^4.1.5":
  "integrity" "sha512-sWZlbEP2OsHNkXrMl5GYk/jKk70MBng6UU4YI/qGDYbgf6YbP4EvmqISbXCoJiRKs+1bSpFHVgQxvJ17F2li5g=="
  "resolved" "https://registry.npmjs.org/lru-cache/-/lru-cache-4.1.5.tgz"
  "version" "4.1.5"
  dependencies:
    "pseudomap" "^1.0.2"
    "yallist" "^2.1.2"

"minimatch@^3.1.1":
  "integrity" "sha512-J7p63hRiAjw1NDEww1W7i37+ByIrOWO5XQQAzZ3VOcL0PNybwpfmV/N05zFAzwQ9USyEcX6t3UO+K5aqBQOIHw=="
  "resolved" "https://registry.npmjs.org/minimatch/-/minimatch-3.1.2.tgz"
  "version" "3.1.2"
  dependencies:
    "brace-expansion" "^1.1.7"

"minimist@^1.2.0", "minimist@^1.2.6":
  "integrity" "sha512-Jsjnk4bw3YJqYzbdyBiNsPWHPfO++UGG749Cxs6peCu5Xg4nrena6OVxOYxrQTqww0Jmwt+Ref8rggumkTLz9Q=="
  "resolved" "https://registry.npmjs.org/minimist/-/minimist-1.2.6.tgz"
  "version" "1.2.6"

"nopt@^5.0.0":
  "integrity" "sha512-Tbj67rffqceeLpcRXrT7vKAN8CwfPeIBgM7E6iBkmKLV7bEMwpGgYLGv0jACUsECaa/vuxP0IjEont6umdMgtQ=="
  "resolved" "https://registry.npmjs.org/nopt/-/nopt-5.0.0.tgz"
  "version" "5.0.0"
  dependencies:
    "abbrev" "1"

"once@^1.3.0":
  "integrity" "sha512-lNaJgI+2Q5URQBkccEKHTQOPaXdUxnZZElQTZY0MFUAuaEqe1E+Nyvgdz/aIyNi6Z9MzO5dv1H8n58/GELp3+w=="
  "resolved" "https://registry.npmjs.org/once/-/once-1.4.0.tgz"
  "version" "1.4.0"
  dependencies:
    "wrappy" "1"

"path-is-absolute@^1.0.0":
  "integrity" "sha512-AVbw3UJ2e9bq64vSaS9Am0fje1Pa8pbGqTTsmXfaIiMpnr5DlDhfJOuLj9Sf95ZPVDAUerDfEk88MPmPe7UCQg=="
  "resolved" "https://registry.npmjs.org/path-is-absolute/-/path-is-absolute-1.0.1.tgz"
  "version" "1.0.1"

"proto-list@~1.2.1":
  "integrity" "sha512-vtK/94akxsTMhe0/cbfpR+syPuszcuwhqVjJq26CuNDgFGj682oRBXOP5MJpv2r7JtE8MsiepGIqvvOTBwn2vA=="
  "resolved" "https://registry.npmjs.org/proto-list/-/proto-list-1.2.4.tgz"
  "version" "1.2.4"

"pseudomap@^1.0.2":
  "integrity" "sha512-b/YwNhb8lk1Zz2+bXXpS/LK9OisiZZ1SNsSLxN1x2OXVEhW2Ckr/7mWE5vrC1ZTiJlD9g19jWszTmJsB+oEpFQ=="
  "resolved" "https://registry.npmjs.org/pseudomap/-/pseudomap-1.0.2.tgz"
  "version" "1.0.2"

"punycode@^2.1.0":
  "integrity" "sha512-XRsRjdf+j5ml+y/6GKHPZbrF/8p2Yga0JPtdqTIY2Xe5ohJPD9saDJJLPvp9+NSBprVvevdXZybnj2cv8OEd0A=="
  "resolved" "https://registry.npmjs.org/punycode/-/punycode-2.1.1.tgz"
  "version" "2.1.1"

"require-from-string@^1.2.0":
  "integrity" "sha512-H7AkJWMobeskkttHyhTVtS0fxpFLjxhbfMa6Bk3wimP7sdPRGL3EyCg3sAQenFfAe+xQ+oAc85Nmtvq0ROM83Q=="
  "resolved" "https://registry.npmjs.org/require-from-string/-/require-from-string-1.2.1.tgz"
  "version" "1.2.1"

"semver@^5.6.0":
  "integrity" "sha512-sauaDf/PZdVgrLTNYHRtpXa1iRiKcaebiKQ1BJdpQlWH2lCvexQdX55snPFyK7QzpudqbCI0qXFfOasHdyNDGQ=="
  "resolved" "https://registry.npmjs.org/semver/-/semver-5.7.1.tgz"
  "version" "5.7.1"

"sigmund@^1.0.1":
  "integrity" "sha512-fCvEXfh6NWpm+YSuY2bpXb/VIihqWA6hLsgboC+0nl71Q7N7o2eaCW8mJa/NLvQhs6jpd3VZV4UiUQlV6+lc8g=="
  "resolved" "https://registry.npmjs.org/sigmund/-/sigmund-1.0.1.tgz"
  "version" "1.0.1"

"sprintf-js@~1.0.2":
  "integrity" "sha512-D9cPgkvLlV3t3IzL0D0YLvGA9Ahk4PcvVwUbN0dSGr1aP0Nrt4AEnTUbuGvquEC0mA64Gqt1fzirlRs5ibXx8g=="
  "resolved" "https://registry.npmjs.org/sprintf-js/-/sprintf-js-1.0.3.tgz"
  "version" "1.0.3"

"uri-js@^4.2.2":
  "integrity" "sha512-7rKUyy33Q1yc98pQ1DAmLtwX109F7TIfWlW1Ydo8Wl1ii1SeHieeh0HHfPeL2fMXK6z0s8ecKs9frCuLJvndBg=="
  "resolved" "https://registry.npmjs.org/uri-js/-/uri-js-4.4.1.tgz"
  "version" "4.4.1"
  dependencies:
    "punycode" "^2.1.0"

"wrappy@1":
  "integrity" "sha512-l4Sp/DRseor9wL6EvV2+TuQn63dMkPjZ/sp9XkghTEbV9KlPS1xUsZ3u7/IQO4wxtcFB4bgpQPRcR3QCvezPcQ=="
  "resolved" "https://registry.npmjs.org/wrappy/-/wrappy-1.0.2.tgz"
  "version" "1.0.2"

"yallist@^2.1.2":
  "integrity" "sha512-ncTzHV7NvsQZkYe1DW7cbDLm0YpzHmZF5r/iyP3ZnQtMiJ+pjzisCiMNI+Sj+xQF5pXhSHxSB3uDbsBTzY/c2A=="
  "resolved" "https://registry.npmjs.org/yallist/-/yallist-2.1.2.tgz"
  "version" "2.1.2"
